# This file is automatically @generated by Cargo.
# It is not intended for manual editing.
[[package]]
name = "iso4217"
version = "0.3.2"
source = "registry+https://github.com/rust-lang/crates.io-index"

[[package]]
name = "monet"
version = "0.1.0"
dependencies = [
 "iso4217 0.3.2 (registry+https://github.com/rust-lang/crates.io-index)",
]

[metadata]
"checksum iso4217 0.3.2 (registry+https://github.com/rust-lang/crates.io-index)" = "1a0ea2a998704e0177b5e9cbd428f2f01cbed6c56d9de68d4d3743e10bc82230"
